
Microsoft Visual Studio Solution File, Format Version 12.00
# Visual Studio Version 17
VisualStudioVersion = 17.7.34009.444
MinimumVisualStudioVersion = 10.0.40219.1
Project("{FAE04EC0-301F-11D3-BF4B-00C04F79EFBC}") = "Armin-project", "Armin-project\Armin-project.csproj", "{964A83BF-DCA3-4917-B888-E67D4D51C4B9}"
EndProject
Global
	GlobalSection(SolutionConfigurationPlatforms) = preSolution
		Debug|Any CPU = Debug|Any CPU
		Release|Any CPU = Release|Any CPU
	EndGlobalSection
	GlobalSection(ProjectConfigurationPlatforms) = postSolution
		{964A83BF-DCA3-4917-B888-E67D4D51C4B9}.Debug|Any CPU.ActiveCfg = Debug|Any CPU
		{964A83BF-DCA3-4917-B888-E67D4D51C4B9}.Debug|Any CPU.Build.0 = Debug|Any CPU
		{964A83BF-DCA3-4917-B888-E67D4D51C4B9}.Release|Any CPU.ActiveCfg = Release|Any CPU
		{964A83BF-DCA3-4917-B888-E67D4D51C4B9}.Release|Any CPU.Build.0 = Release|Any CPU
	EndGlobalSection
	GlobalSection(SolutionProperties) = preSolution
		HideSolutionNode = FALSE
	EndGlobalSection
	GlobalSection(ExtensibilityGlobals) = postSolution
		SolutionGuid = {EC3A1705-6D9B-4748-B923-CB2422DCF7FD}
	EndGlobalSection
EndGlobal
